// !$*UTF8*$!
{
	archiveVersion = 1;
	classes = {
	};
	objectVersion = 55;
	objects = {

/* Begin PBXBuildFile section */
		1AC8155D27F9120B0030543E /* AppDelegate.swift in Sources */ = {isa = PBXBuildFile; fileRef = 1AC8155C27F9120B0030543E /* AppDelegate.swift */; };
		1AC8155F27F9120B0030543E /* SceneDelegate.swift in Sources */ = {isa = PBXBuildFile; fileRef = 1AC8155E27F9120B0030543E /* SceneDelegate.swift */; };
		1AC8156127F9120B0030543E /* ViewController.swift in Sources */ = {isa = PBXBuildFile; fileRef = 1AC8156027F9120B0030543E /* ViewController.swift */; };
		1AC8156427F9120B0030543E /* Main.storyboard in Resources */ = {isa = PBXBuildFile; fileRef = 1AC8156227F9120B0030543E /* Main.storyboard */; };
		1AC8156627F912110030543E /* Assets.xcassets in Resources */ = {isa = PBXBuildFile; fileRef = 1AC8156527F912110030543E /* Assets.xcassets */; };
		1AC8156927F912110030543E /* LaunchScreen.storyboard in Resources */ = {isa = PBXBuildFile; fileRef = 1AC8156727F912110030543E /* LaunchScreen.storyboard */; };
		1AC8157427F912120030543E /* StateFarmhackathonTests.swift in Sources */ = {isa = PBXBuildFile; fileRef = 1AC8157327F912120030543E /* StateFarmhackathonTests.swift */; };
		1AC8157E27F912120030543E /* StateFarmhackathonUITests.swift in Sources */ = {isa = PBXBuildFile; fileRef = 1AC8157D27F912120030543E /* StateFarmhackathonUITests.swift */; };
		1AC8158027F912120030543E /* StateFarmhackathonUITestsLaunchTests.swift in Sources */ = {isa = PBXBuildFile; fileRef = 1AC8157F27F912120030543E /* StateFarmhackathonUITestsLaunchTests.swift */; };
/* End PBXBuildFile section */

/* Begin PBXContainerItemProxy section */
		1AC8157027F912120030543E /* PBXContainerItemProxy */ = {
			isa = PBXContainerItemProxy;
			containerPortal = 1AC8155127F9120A0030543E /* Project object */;
			proxyType = 1;
			remoteGlobalIDString = 1AC8155827F9120A0030543E;
			remoteInfo = StateFarmhackathon;
		};
		1AC8157A27F912120030543E /* PBXContainerItemProxy */ = {
			isa = PBXContainerItemProxy;
			containerPortal = 1AC8155127F9120A0030543E /* Project object */;
			proxyType = 1;
			remoteGlobalIDString = 1AC8155827F9120A0030543E;
			remoteInfo = StateFarmhackathon;
		};
/* End PBXContainerItemProxy section */

/* Begin PBXFileReference section */
		1AC8155927F9120B0030543E /* StateFarmhackathon.app */ = {isa = PBXFileReference; explicitFileType = wrapper.application; includeInIndex = 0; path = StateFarmhackathon.app; sourceTree = BUILT_PRODUCTS_DIR; };
		1AC8155C27F9120B0030543E /* AppDelegate.swift */ = {isa = PBXFileReference; lastKnownFileType = sourcecode.swift; path = AppDelegate.swift; sourceTree = "<group>"; };
		1AC8155E27F9120B0030543E /* SceneDelegate.swift */ = {isa = PBXFileReference; lastKnownFileType = sourcecode.swift; path = SceneDelegate.swift; sourceTree = "<group>"; };
		1AC8156027F9120B0030543E /* ViewController.swift */ = {isa = PBXFileReference; lastKnownFileType = sourcecode.swift; path = ViewController.swift; sourceTree = "<group>"; };
		1AC8156327F9120B0030543E /* Base */ = {isa = PBXFileReference; lastKnownFileType = file.storyboard; name = Base; path = Base.lproj/Main.storyboard; sourceTree = "<group>"; };
		1AC8156527F912110030543E /* Assets.xcassets */ = {isa = PBXFileReference; lastKnownFileType = folder.assetcatalog; path = Assets.xcassets; sourceTree = "<group>"; };
		1AC8156827F912110030543E /* Base */ = {isa = PBXFileReference; lastKnownFileType = file.storyboard; name = Base; path = Base.lproj/LaunchScreen.storyboard; sourceTree = "<group>"; };
		1AC8156A27F912110030543E /* Info.plist */ = {isa = PBXFileReference; lastKnownFileType = text.plist.xml; path = Info.plist; sourceTree = "<group>"; };
		1AC8156F27F912120030543E /* StateFarmhackathonTests.xctest */ = {isa = PBXFileReference; explicitFileType = wrapper.cfbundle; includeInIndex = 0; path = StateFarmhackathonTests.xctest; sourceTree = BUILT_PRODUCTS_DIR; };
		1AC8157327F912120030543E /* StateFarmhackathonTests.swift */ = {isa = PBXFileReference; lastKnownFileType = sourcecode.swift; path = StateFarmhackathonTests.swift; sourceTree = "<group>"; };
		1AC8157927F912120030543E /* StateFarmhackathonUITests.xctest */ = {isa = PBXFileReference; explicitFileType = wrapper.cfbundle; includeInIndex = 0; path = StateFarmhackathonUITests.xctest; sourceTree = BUILT_PRODUCTS_DIR; };
		1AC8157D27F912120030543E /* StateFarmhackathonUITests.swift */ = {isa = PBXFileReference; lastKnownFileType = sourcecode.swift; path = StateFarmhackathonUITests.swift; sourceTree = "<group>"; };
		1AC8157F27F912120030543E /* StateFarmhackathonUITestsLaunchTests.swift */ = {isa = PBXFileReference; lastKnownFileType = sourcecode.swift; path = StateFarmhackathonUITestsLaunchTests.swift; sourceTree = "<group>"; };
/* End PBXFileReference section */

/* Begin PBXFrameworksBuildPhase section */
		1AC8155627F9120A0030543E /* Frameworks */ = {
			isa = PBXFrameworksBuildPhase;
			buildActionMask = 2147483647;
			files = (
			);
			runOnlyForDeploymentPostprocessing = 0;
		};
		1AC8156C27F912120030543E /* Frameworks */ = {
			isa = PBXFrameworksBuildPhase;
			buildActionMask = 2147483647;
			files = (
			);
			runOnlyForDeploymentPostprocessing = 0;
		};
		1AC8157627F912120030543E /* Frameworks */ = {
			isa = PBXFrameworksBuildPhase;
			buildActionMask = 2147483647;
			files = (
			);
			runOnlyForDeploymentPostprocessing = 0;
		};
/* End PBXFrameworksBuildPhase section */

/* Begin PBXGroup section */
		1AC8155027F9120A0030543E = {
			isa = PBXGroup;
			children = (
				1AC8155B27F9120B0030543E /* StateFarmhackathon */,
				1AC8157227F912120030543E /* StateFarmhackathonTests */,
				1AC8157C27F912120030543E /* StateFarmhackathonUITests */,
				1AC8155A27F9120B0030543E /* Products */,
			);
			sourceTree = "<group>";
		};
		1AC8155A27F9120B0030543E /* Products */ = {
			isa = PBXGroup;
			children = (
				1AC8155927F9120B0030543E /* StateFarmhackathon.app */,
				1AC8156F27F912120030543E /* StateFarmhackathonTests.xctest */,
				1AC8157927F912120030543E /* StateFarmhackathonUITests.xctest */,
			);
			name = Products;
			sourceTree = "<group>";
		};
		1AC8155B27F9120B0030543E /* StateFarmhackathon */ = {
			isa = PBXGroup;
			children = (
				1AC8155C27F9120B0030543E /* AppDelegate.swift */,
				1AC8155E27F9120B0030543E /* SceneDelegate.swift */,
				1AC8156027F9120B0030543E /* ViewController.swift */,
				1AC8156227F9120B0030543E /* Main.storyboard */,
				1AC8156527F912110030543E /* Assets.xcassets */,
				1AC8156727F912110030543E /* LaunchScreen.storyboard */,
				1AC8156A27F912110030543E /* Info.plist */,
			);
			path = StateFarmhackathon;
			sourceTree = "<group>";
		};
		1AC8157227F912120030543E /* StateFarmhackathonTests */ = {
			isa = PBXGroup;
			children = (
				1AC8157327F912120030543E /* StateFarmhackathonTests.swift */,
			);
			path = StateFarmhackathonTests;
			sourceTree = "<group>";
		};
		1AC8157C27F912120030543E /* StateFarmhackathonUITests */ = {
			isa = PBXGroup;
			children = (
				1AC8157D27F912120030543E /* StateFarmhackathonUITests.swift */,
				1AC8157F27F912120030543E /* StateFarmhackathonUITestsLaunchTests.swift */,
			);
			path = StateFarmhackathonUITests;
			sourceTree = "<group>";
		};
/* End PBXGroup section */

/* Begin PBXNativeTarget section */
		1AC8155827F9120A0030543E /* StateFarmhackathon */ = {
			isa = PBXNativeTarget;
			buildConfigurationList = 1AC8158327F912120030543E /* Build configuration list for PBXNativeTarget "StateFarmhackathon" */;
			buildPhases = (
				1AC8155527F9120A0030543E /* Sources */,
				1AC8155627F9120A0030543E /* Frameworks */,
				1AC8155727F9120A0030543E /* Resources */,
			);
			buildRules = (
			);
			dependencies = (
			);
			name = StateFarmhackathon;
			productName = StateFarmhackathon;
			productReference = 1AC8155927F9120B0030543E /* StateFarmhackathon.app */;
			productType = "com.apple.product-type.application";
		};
		1AC8156E27F912120030543E /* StateFarmhackathonTests */ = {
			isa = PBXNativeTarget;
			buildConfigurationList = 1AC8158627F912120030543E /* Build configuration list for PBXNativeTarget "StateFarmhackathonTests" */;
			buildPhases = (
				1AC8156B27F912120030543E /* Sources */,
				1AC8156C27F912120030543E /* Frameworks */,
				1AC8156D27F912120030543E /* Resources */,
			);
			buildRules = (
			);
			dependencies = (
				1AC8157127F912120030543E /* PBXTargetDependency */,
			);
			name = StateFarmhackathonTests;
			productName = StateFarmhackathonTests;
			productReference = 1AC8156F27F912120030543E /* StateFarmhackathonTests.xctest */;
			productType = "com.apple.product-type.bundle.unit-test";
		};
		1AC8157827F912120030543E /* StateFarmhackathonUITests */ = {
			isa = PBXNativeTarget;
			buildConfigurationList = 1AC8158927F912120030543E /* Build configuration list for PBXNativeTarget "StateFarmhackathonUITests" */;
			buildPhases = (
				1AC8157527F912120030543E /* Sources */,
				1AC8157627F912120030543E /* Frameworks */,
				1AC8157727F912120030543E /* Resources */,
			);
			buildRules = (
			);
			dependencies = (
				1AC8157B27F912120030543E /* PBXTargetDependency */,
			);
			name = StateFarmhackathonUITests;
			productName = StateFarmhackathonUITests;
			productReference = 1AC8157927F912120030543E /* StateFarmhackathonUITests.xctest */;
			productType = "com.apple.product-type.bundle.ui-testing";
		};
/* End PBXNativeTarget section */

/* Begin PBXProject section */
		1AC8155127F9120A0030543E /* Project object */ = {
			isa = PBXProject;
			attributes = {
				BuildIndependentTargetsInParallel = 1;
				LastSwiftUpdateCheck = 1330;
				LastUpgradeCheck = 1330;
				TargetAttributes = {
					1AC8155827F9120A0030543E = {
						CreatedOnToolsVersion = 13.3;
					};
					1AC8156E27F912120030543E = {
						CreatedOnToolsVersion = 13.3;
						TestTargetID = 1AC8155827F9120A0030543E;
					};
					1AC8157827F912120030543E = {
						CreatedOnToolsVersion = 13.3;
						TestTargetID = 1AC8155827F9120A0030543E;
					};
				};
			};
			buildConfigurationList = 1AC8155427F9120A0030543E /* Build configuration list for PBXProject "StateFarmhackathon" */;
			compatibilityVersion = "Xcode 13.0";
			developmentRegion = en;
			hasScannedForEncodings = 0;
			knownRegions = (
				en,
				Base,
			);
			mainGroup = 1AC8155027F9120A0030543E;
			productRefGroup = 1AC8155A27F9120B0030543E /* Products */;
			projectDirPath = "";
			projectRoot = "";
			targets = (
				1AC8155827F9120A0030543E /* StateFarmhackathon */,
				1AC8156E27F912120030543E /* StateFarmhackathonTests */,
				1AC8157827F912120030543E /* StateFarmhackathonUITests */,
			);
		};
/* End PBXProject section */

/* Begin PBXResourcesBuildPhase section */
		1AC8155727F9120A0030543E /* Resources */ = {
			isa = PBXResourcesBuildPhase;
			buildActionMask = 2147483647;
			files = (
				1AC8156927F912110030543E /* LaunchScreen.storyboard in Resources */,
				1AC8156627F912110030543E /* Assets.xcassets in Resources */,
				1AC8156427F9120B0030543E /* Main.storyboard in Resources */,
			);
			runOnlyForDeploymentPostprocessing = 0;
		};
		1AC8156D27F912120030543E /* Resources */ = {
			isa = PBXResourcesBuildPhase;
			buildActionMask = 2147483647;
			files = (
			);
			runOnlyForDeploymentPostprocessing = 0;
		};
		1AC8157727F912120030543E /* Resources */ = {
			isa = PBXResourcesBuildPhase;
			buildActionMask = 2147483647;
			files = (
			);
			runOnlyForDeploymentPostprocessing = 0;
		};
/* End PBXResourcesBuildPhase section */

/* Begin PBXSourcesBuildPhase section */
		1AC8155527F9120A0030543E /* Sources */ = {
			isa = PBXSourcesBuildPhase;
			buildActionMask = 2147483647;
			files = (
				1AC8156127F9120B0030543E /* ViewController.swift in Sources */,
				1AC8155D27F9120B0030543E /* AppDelegate.swift in Sources */,
				1AC8155F27F9120B0030543E /* SceneDelegate.swift in Sources */,
			);
			runOnlyForDeploymentPostprocessing = 0;
		};
		1AC8156B27F912120030543E /* Sources */ = {
			isa = PBXSourcesBuildPhase;
			buildActionMask = 2147483647;
			files = (
				1AC8157427F912120030543E /* StateFarmhackathonTests.swift in Sources */,
			);
			runOnlyForDeploymentPostprocessing = 0;
		};
		1AC8157527F912120030543E /* Sources */ = {
			isa = PBXSourcesBuildPhase;
			buildActionMask = 2147483647;
			files = (
				1AC8158027F912120030543E /* StateFarmhackathonUITestsLaunchTests.swift in Sources */,
				1AC8157E27F912120030543E /* StateFarmhackathonUITests.swift in Sources */,
			);
			runOnlyForDeploymentPostprocessing = 0;
		};
/* End PBXSourcesBuildPhase section */

/* Begin PBXTargetDependency section */
		1AC8157127F912120030543E /* PBXTargetDependency */ = {
			isa = PBXTargetDependency;
			target = 1AC8155827F9120A0030543E /* StateFarmhackathon */;
			targetProxy = 1AC8157027F912120030543E /* PBXContainerItemProxy */;
		};
		1AC8157B27F912120030543E /* PBXTargetDependency */ = {
			isa = PBXTargetDependency;
			target = 1AC8155827F9120A0030543E /* StateFarmhackathon */;
			targetProxy = 1AC8157A27F912120030543E /* PBXContainerItemProxy */;
		};
/* End PBXTargetDependency section */

/* Begin PBXVariantGroup section */
		1AC8156227F9120B0030543E /* Main.storyboard */ = {
			isa = PBXVariantGroup;
			children = (
				1AC8156327F9120B0030543E /* Base */,
			);
			name = Main.storyboard;
			sourceTree = "<group>";
		};
		1AC8156727F912110030543E /* LaunchScreen.storyboard */ = {
			isa = PBXVariantGroup;
			children = (
				1AC8156827F912110030543E /* Base */,
			);
			name = LaunchScreen.storyboard;
			sourceTree = "<group>";
		};
/* End PBXVariantGroup section */

/* Begin XCBuildConfiguration section */
		1AC8158127F912120030543E /* Debug */ = {
			isa = XCBuildConfiguration;
			buildSettings = {
				ALWAYS_SEARCH_USER_PATHS = NO;
				CLANG_ANALYZER_NONNULL = YES;
				CLANG_ANALYZER_NUMBER_OBJECT_CONVERSION = YES_AGGRESSIVE;
				CLANG_CXX_LANGUAGE_STANDARD = "gnu++17";
				CLANG_ENABLE_MODULES = YES;
				CLANG_ENABLE_OBJC_ARC = YES;
				CLANG_ENABLE_OBJC_WEAK = YES;
				CLANG_WARN_BLOCK_CAPTURE_AUTORELEASING = YES;
				CLANG_WARN_BOOL_CONVERSION = YES;
				CLANG_WARN_COMMA = YES;
				CLANG_WARN_CONSTANT_CONVERSION = YES;
				CLANG_WARN_DEPRECATED_OBJC_IMPLEMENTATIONS = YES;
				CLANG_WARN_DIRECT_OBJC_ISA_USAGE = YES_ERROR;
				CLANG_WARN_DOCUMENTATION_COMMENTS = YES;
				CLANG_WARN_EMPTY_BODY = YES;
				CLANG_WARN_ENUM_CONVERSION = YES;
				CLANG_WARN_INFINITE_RECURSION = YES;
				CLANG_WARN_INT_CONVERSION = YES;
				CLANG_WARN_NON_LITERAL_NULL_CONVERSION = YES;
				CLANG_WARN_OBJC_IMPLICIT_RETAIN_SELF = YES;
				CLANG_WARN_OBJC_LITERAL_CONVERSION = YES;
				CLANG_WARN_OBJC_ROOT_CLASS = YES_ERROR;
				CLANG_WARN_QUOTED_INCLUDE_IN_FRAMEWORK_HEADER = YES;
				CLANG_WARN_RANGE_LOOP_ANALYSIS = YES;
				CLANG_WARN_STRICT_PROTOTYPES = YES;
				CLANG_WARN_SUSPICIOUS_MOVE = YES;
				CLANG_WARN_UNGUARDED_AVAILABILITY = YES_AGGRESSIVE;
				CLANG_WARN_UNREACHABLE_CODE = YES;
				CLANG_WARN__DUPLICATE_METHOD_MATCH = YES;
				COPY_PHASE_STRIP = NO;
				DEBUG_INFORMATION_FORMAT = dwarf;
				ENABLE_STRICT_OBJC_MSGSEND = YES;
				ENABLE_TESTABILITY = YES;
				GCC_C_LANGUAGE_STANDARD = gnu11;
				GCC_DYNAMIC_NO_PIC = NO;
				GCC_NO_COMMON_BLOCKS = YES;
				GCC_OPTIMIZATION_LEVEL = 0;
				GCC_PREPROCESSOR_DEFINITIONS = (
					"DEBUG=1",
					"$(inherited)",
				);
				GCC_WARN_64_TO_32_BIT_CONVERSION = YES;
				GCC_WARN_ABOUT_RETURN_TYPE = YES_ERROR;
				GCC_WARN_UNDECLARED_SELECTOR = YES;
				GCC_WARN_UNINITIALIZED_AUTOS = YES_AGGRESSIVE;
				GCC_WARN_UNUSED_FUNCTION = YES;
				GCC_WARN_UNUSED_VARIABLE = YES;
				IPHONEOS_DEPLOYMENT_TARGET = 15.4;
				MTL_ENABLE_DEBUG_INFO = INCLUDE_SOURCE;
				MTL_FAST_MATH = YES;
				ONLY_ACTIVE_ARCH = YES;
				SDKROOT = iphoneos;
				SWIFT_ACTIVE_COMPILATION_CONDITIONS = DEBUG;
				SWIFT_OPTIMIZATION_LEVEL = "-Onone";
			};
			name = Debug;
		};
		1AC8158227F912120030543E /* Release */ = {
			isa = XCBuildConfiguration;
			buildSettings = {
				ALWAYS_SEARCH_USER_PATHS = NO;
				CLANG_ANALYZER_NONNULL = YES;
				CLANG_ANALYZER_NUMBER_OBJECT_CONVERSION = YES_AGGRESSIVE;
				CLANG_CXX_LANGUAGE_STANDARD = "gnu++17";
				CLANG_ENABLE_MODULES = YES;
				CLANG_ENABLE_OBJC_ARC = YES;
				CLANG_ENABLE_OBJC_WEAK = YES;
				CLANG_WARN_BLOCK_CAPTURE_AUTORELEASING = YES;
				CLANG_WARN_BOOL_CONVERSION = YES;
				CLANG_WARN_COMMA = YES;
				CLANG_WARN_CONSTANT_CONVERSION = YES;
				CLANG_WARN_DEPRECATED_OBJC_IMPLEMENTATIONS = YES;
				CLANG_WARN_DIRECT_OBJC_ISA_USAGE = YES_ERROR;
				CLANG_WARN_DOCUMENTATION_COMMENTS = YES;
				CLANG_WARN_EMPTY_BODY = YES;
				CLANG_WARN_ENUM_CONVERSION = YES;
				CLANG_WARN_INFINITE_RECURSION = YES;
				CLANG_WARN_INT_CONVERSION = YES;
				CLANG_WARN_NON_LITERAL_NULL_CONVERSION = YES;
				CLANG_WARN_OBJC_IMPLICIT_RETAIN_SELF = YES;
				CLANG_WARN_OBJC_LITERAL_CONVERSION = YES;
				CLANG_WARN_OBJC_ROOT_CLASS = YES_ERROR;
				CLANG_WARN_QUOTED_INCLUDE_IN_FRAMEWORK_HEADER = YES;
				CLANG_WARN_RANGE_LOOP_ANALYSIS = YES;
				CLANG_WARN_STRICT_PROTOTYPES = YES;
				CLANG_WARN_SUSPICIOUS_MOVE = YES;
				CLANG_WARN_UNGUARDED_AVAILABILITY = YES_AGGRESSIVE;
				CLANG_WARN_UNREACHABLE_CODE = YES;
				CLANG_WARN__DUPLICATE_METHOD_MATCH = YES;
				COPY_PHASE_STRIP = NO;
				DEBUG_INFORMATION_FORMAT = "dwarf-with-dsym";
				ENABLE_NS_ASSERTIONS = NO;
				ENABLE_STRICT_OBJC_MSGSEND = YES;
				GCC_C_LANGUAGE_STANDARD = gnu11;
				GCC_NO_COMMON_BLOCKS = YES;
				GCC_WARN_64_TO_32_BIT_CONVERSION = YES;
				GCC_WARN_ABOUT_RETURN_TYPE = YES_ERROR;
				GCC_WARN_UNDECLARED_SELECTOR = YES;
				GCC_WARN_UNINITIALIZED_AUTOS = YES_AGGRESSIVE;
				GCC_WARN_UNUSED_FUNCTION = YES;
				GCC_WARN_UNUSED_VARIABLE = YES;
				IPHONEOS_DEPLOYMENT_TARGET = 15.4;
				MTL_ENABLE_DEBUG_INFO = NO;
				MTL_FAST_MATH = YES;
				SDKROOT = iphoneos;
				SWIFT_COMPILATION_MODE = wholemodule;
				SWIFT_OPTIMIZATION_LEVEL = "-O";
				VALIDATE_PRODUCT = YES;
			};
			name = Release;
		};
		1AC8158427F912120030543E /* Debug */ = {
			isa = XCBuildConfiguration;
			buildSettings = {
				ASSETCATALOG_COMPILER_APPICON_NAME = AppIcon;
				ASSETCATALOG_COMPILER_GLOBAL_ACCENT_COLOR_NAME = AccentColor;
				CODE_SIGN_STYLE = Automatic;
				CURRENT_PROJECT_VERSION = 1;
				GENERATE_INFOPLIST_FILE = YES;
				INFOPLIST_FILE = StateFarmhackathon/Info.plist;
				INFOPLIST_KEY_UIApplicationSupportsIndirectInputEvents = YES;
				INFOPLIST_KEY_UILaunchStoryboardName = LaunchScreen;
				INFOPLIST_KEY_UIMainStoryboardFile = Main;
				INFOPLIST_KEY_UISupportedInterfaceOrientations_iPad = "UIInterfaceOrientationPortrait UIInterfaceOrientationPortraitUpsideDown UIInterfaceOrientationLandscapeLeft UIInterfaceOrientationLandscapeRight";
				INFOPLIST_KEY_UISupportedInterfaceOrientations_iPhone = "UIInterfaceOrientationPortrait UIInterfaceOrientationLandscapeLeft UIInterfaceOrientationLandscapeRight";
				LD_RUNPATH_SEARCH_PATHS = (
					"$(inherited)",
					"@executable_path/Frameworks",
				);
				MARKETING_VERSION = 1.0;
				PRODUCT_BUNDLE_IDENTIFIER = com.vkj.StateFarmhackathon;
				PRODUCT_NAME = "$(TARGET_NAME)";
				SWIFT_EMIT_LOC_STRINGS = YES;
				SWIFT_VERSION = 5.0;
				TARGETED_DEVICE_FAMILY = "1,2";
			};
			name = Debug;
		};
		1AC8158527F912120030543E /* Release */ = {
			isa = XCBuildConfiguration;
			buildSettings = {
				ASSETCATALOG_COMPILER_APPICON_NAME = AppIcon;
				ASSETCATALOG_COMPILER_GLOBAL_ACCENT_COLOR_NAME = AccentColor;
				CODE_SIGN_STYLE = Automatic;
				CURRENT_PROJECT_VERSION = 1;
				GENERATE_INFOPLIST_FILE = YES;
				INFOPLIST_FILE = StateFarmhackathon/Info.plist;
				INFOPLIST_KEY_UIApplicationSupportsIndirectInputEvents = YES;
				INFOPLIST_KEY_UILaunchStoryboardName = LaunchScreen;
				INFOPLIST_KEY_UIMainStoryboardFile = Main;
				INFOPLIST_KEY_UISupportedInterfaceOrientations_iPad = "UIInterfaceOrientationPortrait UIInterfaceOrientationPortraitUpsideDown UIInterfaceOrientationLandscapeLeft UIInterfaceOrientationLandscapeRight";
				INFOPLIST_KEY_UISupportedInterfaceOrientations_iPhone = "UIInterfaceOrientationPortrait UIInterfaceOrientationLandscapeLeft UIInterfaceOrientationLandscapeRight";
				LD_RUNPATH_SEARCH_PATHS = (
					"$(inherited)",
					"@executable_path/Frameworks",
				);
				MARKETING_VERSION = 1.0;
				PRODUCT_BUNDLE_IDENTIFIER = com.vkj.StateFarmhackathon;
				PRODUCT_NAME = "$(TARGET_NAME)";
				SWIFT_EMIT_LOC_STRINGS = YES;
				SWIFT_VERSION = 5.0;
				TARGETED_DEVICE_FAMILY = "1,2";
			};
			name = Release;
		};
		1AC8158727F912120030543E /* Debug */ = {
			isa = XCBuildConfiguration;
			buildSettings = {
				ALWAYS_EMBED_SWIFT_STANDARD_LIBRARIES = YES;
				BUNDLE_LOADER = "$(TEST_HOST)";
				CODE_SIGN_STYLE = Automatic;
				CURRENT_PROJECT_VERSION = 1;
				GENERATE_INFOPLIST_FILE = YES;
				IPHONEOS_DEPLOYMENT_TARGET = 15.4;
				MARKETING_VERSION = 1.0;
				PRODUCT_BUNDLE_IDENTIFIER = com.vkj.StateFarmhackathonTests;
				PRODUCT_NAME = "$(TARGET_NAME)";
				SWIFT_EMIT_LOC_STRINGS = NO;
				SWIFT_VERSION = 5.0;
				TARGETED_DEVICE_FAMILY = "1,2";
				TEST_HOST = "$(BUILT_PRODUCTS_DIR)/StateFarmhackathon.app/StateFarmhackathon";
			};
			name = Debug;
		};
		1AC8158827F912120030543E /* Release */ = {
			isa = XCBuildConfiguration;
			buildSettings = {
				ALWAYS_EMBED_SWIFT_STANDARD_LIBRARIES = YES;
				BUNDLE_LOADER = "$(TEST_HOST)";
				CODE_SIGN_STYLE = Automatic;
				CURRENT_PROJECT_VERSION = 1;
				GENERATE_INFOPLIST_FILE = YES;
				IPHONEOS_DEPLOYMENT_TARGET = 15.4;
				MARKETING_VERSION = 1.0;
				PRODUCT_BUNDLE_IDENTIFIER = com.vkj.StateFarmhackathonTests;
				PRODUCT_NAME = "$(TARGET_NAME)";
				SWIFT_EMIT_LOC_STRINGS = NO;
				SWIFT_VERSION = 5.0;
				TARGETED_DEVICE_FAMILY = "1,2";
				TEST_HOST = "$(BUILT_PRODUCTS_DIR)/StateFarmhackathon.app/StateFarmhackathon";
			};
			name = Release;
		};
		1AC8158A27F912120030543E /* Debug */ = {
			isa = XCBuildConfiguration;
			buildSettings = {
				ALWAYS_EMBED_SWIFT_STANDARD_LIBRARIES = YES;
				CODE_SIGN_STYLE = Automatic;
				CURRENT_PROJECT_VERSION = 1;
				GENERATE_INFOPLIST_FILE = YES;
				MARKETING_VERSION = 1.0;
				PRODUCT_BUNDLE_IDENTIFIER = com.vkj.StateFarmhackathonUITests;
				PRODUCT_NAME = "$(TARGET_NAME)";
				SWIFT_EMIT_LOC_STRINGS = NO;
				SWIFT_VERSION = 5.0;
				TARGETED_DEVICE_FAMILY = "1,2";
				TEST_TARGET_NAME = StateFarmhackathon;
			};
			name = Debug;
		};
		1AC8158B27F912120030543E /* Release */ = {
			isa = XCBuildConfiguration;
			buildSettings = {
				ALWAYS_EMBED_SWIFT_STANDARD_LIBRARIES = YES;
				CODE_SIGN_STYLE = Automatic;
				CURRENT_PROJECT_VERSION = 1;
				GENERATE_INFOPLIST_FILE = YES;
				MARKETING_VERSION = 1.0;
				PRODUCT_BUNDLE_IDENTIFIER = com.vkj.StateFarmhackathonUITests;
				PRODUCT_NAME = "$(TARGET_NAME)";
				SWIFT_EMIT_LOC_STRINGS = NO;
				SWIFT_VERSION = 5.0;
				TARGETED_DEVICE_FAMILY = "1,2";
				TEST_TARGET_NAME = StateFarmhackathon;
			};
			name = Release;
		};
/* End XCBuildConfiguration section */

/* Begin XCConfigurationList section */
		1AC8155427F9120A0030543E /* Build configuration list for PBXProject "StateFarmhackathon" */ = {
			isa = XCConfigurationList;
			buildConfigurations = (
				1AC8158127F912120030543E /* Debug */,
				1AC8158227F912120030543E /* Release */,
			);
			defaultConfigurationIsVisible = 0;
			defaultConfigurationName = Release;
		};
		1AC8158327F912120030543E /* Build configuration list for PBXNativeTarget "StateFarmhackathon" */ = {
			isa = XCConfigurationList;
			buildConfigurations = (
				1AC8158427F912120030543E /* Debug */,
				1AC8158527F912120030543E /* Release */,
			);
			defaultConfigurationIsVisible = 0;
			defaultConfigurationName = Release;
		};
		1AC8158627F912120030543E /* Build configuration list for PBXNativeTarget "StateFarmhackathonTests" */ = {
			isa = XCConfigurationList;
			buildConfigurations = (
				1AC8158727F912120030543E /* Debug */,
				1AC8158827F912120030543E /* Release */,
			);
			defaultConfigurationIsVisible = 0;
			defaultConfigurationName = Release;
		};
		1AC8158927F912120030543E /* Build configuration list for PBXNativeTarget "StateFarmhackathonUITests" */ = {
			isa = XCConfigurationList;
			buildConfigurations = (
				1AC8158A27F912120030543E /* Debug */,
				1AC8158B27F912120030543E /* Release */,
			);
			defaultConfigurationIsVisible = 0;
			defaultConfigurationName = Release;
		};
/* End XCConfigurationList section */
	};
	rootObject = 1AC8155127F9120A0030543E /* Project object */;
}
